// !$*UTF8*$!
{
	archiveVersion = 1;
	classes = {
	};
	objectVersion = 46;
	objects = {

/* Begin PBXBuildFile section */
		22F262471AAB6ED500936042 /* main.m in Sources */ = {isa = PBXBuildFile; fileRef = 22F262461AAB6ED500936042 /* main.m */; };
		22F2624A1AAB6ED500936042 /* TSCCalcGameAppDelegate.m in Sources */ = {isa = PBXBuildFile; fileRef = 22F262491AAB6ED500936042 /* TSCCalcGameAppDelegate.m */; };
		22F2624D1AAB6ED500936042 /* TSCCalcGameViewController.m in Sources */ = {isa = PBXBuildFile; fileRef = 22F2624C1AAB6ED500936042 /* TSCCalcGameViewController.m */; };
		22F262521AAB6ED500936042 /* Images.xcassets in Resources */ = {isa = PBXBuildFile; fileRef = 22F262511AAB6ED500936042 /* Images.xcassets */; };
		22F262611AAB6ED500936042 /* TSCCalcGameTests.m in Sources */ = {isa = PBXBuildFile; fileRef = 22F262601AAB6ED500936042 /* TSCCalcGameTests.m */; };
		22F2626B1AAB746F00936042 /* Default-568h@2x.png in Resources */ = {isa = PBXBuildFile; fileRef = 22F2626A1AAB746F00936042 /* Default-568h@2x.png */; };
		22F2626D1AAB7BF500936042 /* background.jpg in Resources */ = {isa = PBXBuildFile; fileRef = 22F2626C1AAB7BF500936042 /* background.jpg */; };
		22F262711AAB7C2B00936042 /* applause.caf in Resources */ = {isa = PBXBuildFile; fileRef = 22F2626E1AAB7C2B00936042 /* applause.caf */; };
		22F262721AAB7C2B00936042 /* fail-buzzer.caf in Resources */ = {isa = PBXBuildFile; fileRef = 22F2626F1AAB7C2B00936042 /* fail-buzzer.caf */; };
		22F262731AAB7C2B00936042 /* icon.png in Resources */ = {isa = PBXBuildFile; fileRef = 22F262701AAB7C2B00936042 /* icon.png */; };
		22F262751AAB837C00936042 /* TSCEquation.m in Sources */ = {isa = PBXBuildFile; fileRef = 22F262741AAB837C00936042 /* TSCEquation.m */; };
/* End PBXBuildFile section */

/* Begin PBXContainerItemProxy section */
		22F2625B1AAB6ED500936042 /* PBXContainerItemProxy */ = {
			isa = PBXContainerItemProxy;
			containerPortal = 22F262391AAB6ED500936042 /* Project object */;
			proxyType = 1;
			remoteGlobalIDString = 22F262401AAB6ED500936042;
			remoteInfo = CalcGame;
		};
/* End PBXContainerItemProxy section */

/* Begin PBXFileReference section */
		22F262411AAB6ED500936042 /* CalcGame.app */ = {isa = PBXFileReference; explicitFileType = wrapper.application; includeInIndex = 0; path = CalcGame.app; sourceTree = BUILT_PRODUCTS_DIR; };
		22F262451AAB6ED500936042 /* Info.plist */ = {isa = PBXFileReference; lastKnownFileType = text.plist.xml; path = Info.plist; sourceTree = "<group>"; };
		22F262461AAB6ED500936042 /* main.m */ = {isa = PBXFileReference; lastKnownFileType = sourcecode.c.objc; path = main.m; sourceTree = "<group>"; };
		22F262481AAB6ED500936042 /* TSCCalcGameAppDelegate.h */ = {isa = PBXFileReference; lastKnownFileType = sourcecode.c.h; path = TSCCalcGameAppDelegate.h; sourceTree = "<group>"; };
		22F262491AAB6ED500936042 /* TSCCalcGameAppDelegate.m */ = {isa = PBXFileReference; lastKnownFileType = sourcecode.c.objc; path = TSCCalcGameAppDelegate.m; sourceTree = "<group>"; };
		22F2624B1AAB6ED500936042 /* TSCCalcGameViewController.h */ = {isa = PBXFileReference; lastKnownFileType = sourcecode.c.h; path = TSCCalcGameViewController.h; sourceTree = "<group>"; };
		22F2624C1AAB6ED500936042 /* TSCCalcGameViewController.m */ = {isa = PBXFileReference; lastKnownFileType = sourcecode.c.objc; path = TSCCalcGameViewController.m; sourceTree = "<group>"; };
		22F262511AAB6ED500936042 /* Images.xcassets */ = {isa = PBXFileReference; lastKnownFileType = folder.assetcatalog; path = Images.xcassets; sourceTree = "<group>"; };
		22F2625A1AAB6ED500936042 /* CalcGameTests.xctest */ = {isa = PBXFileReference; explicitFileType = wrapper.cfbundle; includeInIndex = 0; path = CalcGameTests.xctest; sourceTree = BUILT_PRODUCTS_DIR; };
		22F2625F1AAB6ED500936042 /* Info.plist */ = {isa = PBXFileReference; lastKnownFileType = text.plist.xml; path = Info.plist; sourceTree = "<group>"; };
		22F262601AAB6ED500936042 /* TSCCalcGameTests.m */ = {isa = PBXFileReference; lastKnownFileType = sourcecode.c.objc; path = TSCCalcGameTests.m; sourceTree = "<group>"; };
		22F2626A1AAB746F00936042 /* Default-568h@2x.png */ = {isa = PBXFileReference; lastKnownFileType = image.png; name = "Default-568h@2x.png"; path = "../Default-568h@2x.png"; sourceTree = "<group>"; };
		22F2626C1AAB7BF500936042 /* background.jpg */ = {isa = PBXFileReference; lastKnownFileType = image.jpeg; path = background.jpg; sourceTree = "<group>"; };
		22F2626E1AAB7C2B00936042 /* applause.caf */ = {isa = PBXFileReference; lastKnownFileType = file; path = applause.caf; sourceTree = "<group>"; };
		22F2626F1AAB7C2B00936042 /* fail-buzzer.caf */ = {isa = PBXFileReference; lastKnownFileType = file; path = "fail-buzzer.caf"; sourceTree = "<group>"; };
		22F262701AAB7C2B00936042 /* icon.png */ = {isa = PBXFileReference; lastKnownFileType = image.png; path = icon.png; sourceTree = "<group>"; };
		22F262741AAB837C00936042 /* TSCEquation.m */ = {isa = PBXFileReference; fileEncoding = 4; lastKnownFileType = sourcecode.c.objc; path = TSCEquation.m; sourceTree = "<group>"; };
		22F262761AAB83AA00936042 /* TSCEquation.h */ = {isa = PBXFileReference; lastKnownFileType = sourcecode.c.h; path = TSCEquation.h; sourceTree = "<group>"; };
/* End PBXFileReference section */

/* Begin PBXFrameworksBuildPhase section */
		22F2623E1AAB6ED500936042 /* Frameworks */ = {
			isa = PBXFrameworksBuildPhase;
			buildActionMask = 2147483647;
			files = (
			);
			runOnlyForDeploymentPostprocessing = 0;
		};
		22F262571AAB6ED500936042 /* Frameworks */ = {
			isa = PBXFrameworksBuildPhase;
			buildActionMask = 2147483647;
			files = (
			);
			runOnlyForDeploymentPostprocessing = 0;
		};
/* End PBXFrameworksBuildPhase section */

/* Begin PBXGroup section */
		22F262381AAB6ED500936042 = {
			isa = PBXGroup;
			children = (
				22F262431AAB6ED500936042 /* CalcGame */,
				22F2625D1AAB6ED500936042 /* CalcGameTests */,
				22F262421AAB6ED500936042 /* Products */,
			);
			sourceTree = "<group>";
		};
		22F262421AAB6ED500936042 /* Products */ = {
			isa = PBXGroup;
			children = (
				22F262411AAB6ED500936042 /* CalcGame.app */,
				22F2625A1AAB6ED500936042 /* CalcGameTests.xctest */,
			);
			name = Products;
			sourceTree = "<group>";
		};
		22F262431AAB6ED500936042 /* CalcGame */ = {
			isa = PBXGroup;
			children = (
				22F262481AAB6ED500936042 /* TSCCalcGameAppDelegate.h */,
				22F262491AAB6ED500936042 /* TSCCalcGameAppDelegate.m */,
				22F2624B1AAB6ED500936042 /* TSCCalcGameViewController.h */,
				22F2624C1AAB6ED500936042 /* TSCCalcGameViewController.m */,
				22F262511AAB6ED500936042 /* Images.xcassets */,
				22F262441AAB6ED500936042 /* Supporting Files */,
				22F262771AAB83B500936042 /* Model */,
			);
			path = CalcGame;
			sourceTree = "<group>";
		};
		22F262441AAB6ED500936042 /* Supporting Files */ = {
			isa = PBXGroup;
			children = (
				22F262451AAB6ED500936042 /* Info.plist */,
				22F2626E1AAB7C2B00936042 /* applause.caf */,
				22F2626F1AAB7C2B00936042 /* fail-buzzer.caf */,
				22F262701AAB7C2B00936042 /* icon.png */,
				22F2626C1AAB7BF500936042 /* background.jpg */,
				22F2626A1AAB746F00936042 /* Default-568h@2x.png */,
				22F262461AAB6ED500936042 /* main.m */,
			);
			name = "Supporting Files";
			sourceTree = "<group>";
		};
		22F2625D1AAB6ED500936042 /* CalcGameTests */ = {
			isa = PBXGroup;
			children = (
				22F262601AAB6ED500936042 /* TSCCalcGameTests.m */,
				22F2625E1AAB6ED500936042 /* Supporting Files */,
			);
			path = CalcGameTests;
			sourceTree = "<group>";
		};
		22F2625E1AAB6ED500936042 /* Supporting Files */ = {
			isa = PBXGroup;
			children = (
				22F2625F1AAB6ED500936042 /* Info.plist */,
			);
			name = "Supporting Files";
			sourceTree = "<group>";
		};
		22F262771AAB83B500936042 /* Model */ = {
			isa = PBXGroup;
			children = (
				22F262741AAB837C00936042 /* TSCEquation.m */,
				22F262761AAB83AA00936042 /* TSCEquation.h */,
			);
			name = Model;
			sourceTree = "<group>";
		};
/* End PBXGroup section */

/* Begin PBXNativeTarget section */
		22F262401AAB6ED500936042 /* CalcGame */ = {
			isa = PBXNativeTarget;
			buildConfigurationList = 22F262641AAB6ED500936042 /* Build configuration list for PBXNativeTarget "CalcGame" */;
			buildPhases = (
				22F2623D1AAB6ED500936042 /* Sources */,
				22F2623E1AAB6ED500936042 /* Frameworks */,
				22F2623F1AAB6ED500936042 /* Resources */,
			);
			buildRules = (
			);
			dependencies = (
			);
			name = CalcGame;
			productName = CalcGame;
			productReference = 22F262411AAB6ED500936042 /* CalcGame.app */;
			productType = "com.apple.product-type.application";
		};
		22F262591AAB6ED500936042 /* CalcGameTests */ = {
			isa = PBXNativeTarget;
			buildConfigurationList = 22F262671AAB6ED500936042 /* Build configuration list for PBXNativeTarget "CalcGameTests" */;
			buildPhases = (
				22F262561AAB6ED500936042 /* Sources */,
				22F262571AAB6ED500936042 /* Frameworks */,
				22F262581AAB6ED500936042 /* Resources */,
			);
			buildRules = (
			);
			dependencies = (
				22F2625C1AAB6ED500936042 /* PBXTargetDependency */,
			);
			name = CalcGameTests;
			productName = CalcGameTests;
			productReference = 22F2625A1AAB6ED500936042 /* CalcGameTests.xctest */;
			productType = "com.apple.product-type.bundle.unit-test";
		};
/* End PBXNativeTarget section */

/* Begin PBXProject section */
		22F262391AAB6ED500936042 /* Project object */ = {
			isa = PBXProject;
			attributes = {
				LastUpgradeCheck = 0610;
				ORGANIZATIONNAME = "Tim Schmelmer";
				TargetAttributes = {
					22F262401AAB6ED500936042 = {
						CreatedOnToolsVersion = 6.1.1;
					};
					22F262591AAB6ED500936042 = {
						CreatedOnToolsVersion = 6.1.1;
						TestTargetID = 22F262401AAB6ED500936042;
					};
				};
			};
			buildConfigurationList = 22F2623C1AAB6ED500936042 /* Build configuration list for PBXProject "CalcGame" */;
			compatibilityVersion = "Xcode 3.2";
			developmentRegion = English;
			hasScannedForEncodings = 0;
			knownRegions = (
				en,
				Base,
			);
			mainGroup = 22F262381AAB6ED500936042;
			productRefGroup = 22F262421AAB6ED500936042 /* Products */;
			projectDirPath = "";
			projectRoot = "";
			targets = (
				22F262401AAB6ED500936042 /* CalcGame */,
				22F262591AAB6ED500936042 /* CalcGameTests */,
			);
		};
/* End PBXProject section */

/* Begin PBXResourcesBuildPhase section */
		22F2623F1AAB6ED500936042 /* Resources */ = {
			isa = PBXResourcesBuildPhase;
			buildActionMask = 2147483647;
			files = (
				22F2626D1AAB7BF500936042 /* background.jpg in Resources */,
				22F262521AAB6ED500936042 /* Images.xcassets in Resources */,
				22F262731AAB7C2B00936042 /* icon.png in Resources */,
				22F262721AAB7C2B00936042 /* fail-buzzer.caf in Resources */,
				22F2626B1AAB746F00936042 /* Default-568h@2x.png in Resources */,
				22F262711AAB7C2B00936042 /* applause.caf in Resources */,
			);
			runOnlyForDeploymentPostprocessing = 0;
		};
		22F262581AAB6ED500936042 /* Resources */ = {
			isa = PBXResourcesBuildPhase;
			buildActionMask = 2147483647;
			files = (
			);
			runOnlyForDeploymentPostprocessing = 0;
		};
/* End PBXResourcesBuildPhase section */

/* Begin PBXSourcesBuildPhase section */
		22F2623D1AAB6ED500936042 /* Sources */ = {
			isa = PBXSourcesBuildPhase;
			buildActionMask = 2147483647;
			files = (
				22F262751AAB837C00936042 /* TSCEquation.m in Sources */,
				22F2624D1AAB6ED500936042 /* TSCCalcGameViewController.m in Sources */,
				22F2624A1AAB6ED500936042 /* TSCCalcGameAppDelegate.m in Sources */,
				22F262471AAB6ED500936042 /* main.m in Sources */,
			);
			runOnlyForDeploymentPostprocessing = 0;
		};
		22F262561AAB6ED500936042 /* Sources */ = {
			isa = PBXSourcesBuildPhase;
			buildActionMask = 2147483647;
			files = (
				22F262611AAB6ED500936042 /* TSCCalcGameTests.m in Sources */,
			);
			runOnlyForDeploymentPostprocessing = 0;
		};
/* End PBXSourcesBuildPhase section */

/* Begin PBXTargetDependency section */
		22F2625C1AAB6ED500936042 /* PBXTargetDependency */ = {
			isa = PBXTargetDependency;
			target = 22F262401AAB6ED500936042 /* CalcGame */;
			targetProxy = 22F2625B1AAB6ED500936042 /* PBXContainerItemProxy */;
		};
/* End PBXTargetDependency section */

/* Begin XCBuildConfiguration section */
		22F262621AAB6ED500936042 /* Debug */ = {
			isa = XCBuildConfiguration;
			buildSettings = {
				ALWAYS_SEARCH_USER_PATHS = NO;
				CLANG_CXX_LANGUAGE_STANDARD = "gnu++0x";
				CLANG_CXX_LIBRARY = "libc++";
				CLANG_ENABLE_MODULES = YES;
				CLANG_ENABLE_OBJC_ARC = YES;
				CLANG_WARN_BOOL_CONVERSION = YES;
				CLANG_WARN_CONSTANT_CONVERSION = YES;
				CLANG_WARN_DIRECT_OBJC_ISA_USAGE = YES_ERROR;
				CLANG_WARN_EMPTY_BODY = YES;
				CLANG_WARN_ENUM_CONVERSION = YES;
				CLANG_WARN_INT_CONVERSION = YES;
				CLANG_WARN_OBJC_ROOT_CLASS = YES_ERROR;
				CLANG_WARN_UNREACHABLE_CODE = YES;
				CLANG_WARN__DUPLICATE_METHOD_MATCH = YES;
				"CODE_SIGN_IDENTITY[sdk=iphoneos*]" = "iPhone Developer";
				COPY_PHASE_STRIP = NO;
				ENABLE_STRICT_OBJC_MSGSEND = YES;
				GCC_C_LANGUAGE_STANDARD = gnu99;
				GCC_DYNAMIC_NO_PIC = NO;
				GCC_OPTIMIZATION_LEVEL = 0;
				GCC_PREPROCESSOR_DEFINITIONS = (
					"DEBUG=1",
					"$(inherited)",
				);
				GCC_SYMBOLS_PRIVATE_EXTERN = NO;
				GCC_WARN_64_TO_32_BIT_CONVERSION = YES;
				GCC_WARN_ABOUT_RETURN_TYPE = YES_ERROR;
				GCC_WARN_UNDECLARED_SELECTOR = YES;
				GCC_WARN_UNINITIALIZED_AUTOS = YES_AGGRESSIVE;
				GCC_WARN_UNUSED_FUNCTION = YES;
				GCC_WARN_UNUSED_VARIABLE = YES;
				IPHONEOS_DEPLOYMENT_TARGET = 8.1;
				MTL_ENABLE_DEBUG_INFO = YES;
				ONLY_ACTIVE_ARCH = YES;
				SDKROOT = iphoneos;
				TARGETED_DEVICE_FAMILY = "1,2";
			};
			name = Debug;
		};
		22F262631AAB6ED500936042 /* Release */ = {
			isa = XCBuildConfiguration;
			buildSettings = {
				ALWAYS_SEARCH_USER_PATHS = NO;
				CLANG_CXX_LANGUAGE_STANDARD = "gnu++0x";
				CLANG_CXX_LIBRARY = "libc++";
				CLANG_ENABLE_MODULES = YES;
				CLANG_ENABLE_OBJC_ARC = YES;
				CLANG_WARN_BOOL_CONVERSION = YES;
				CLANG_WARN_CONSTANT_CONVERSION = YES;
				CLANG_WARN_DIRECT_OBJC_ISA_USAGE = YES_ERROR;
				CLANG_WARN_EMPTY_BODY = YES;
				CLANG_WARN_ENUM_CONVERSION = YES;
				CLANG_WARN_INT_CONVERSION = YES;
				CLANG_WARN_OBJC_ROOT_CLASS = YES_ERROR;
				CLANG_WARN_UNREACHABLE_CODE = YES;
				CLANG_WARN__DUPLICATE_METHOD_MATCH = YES;
				"CODE_SIGN_IDENTITY[sdk=iphoneos*]" = "iPhone Developer";
				COPY_PHASE_STRIP = YES;
				ENABLE_NS_ASSERTIONS = NO;
				ENABLE_STRICT_OBJC_MSGSEND = YES;
				GCC_C_LANGUAGE_STANDARD = gnu99;
				GCC_WARN_64_TO_32_BIT_CONVERSION = YES;
				GCC_WARN_ABOUT_RETURN_TYPE = YES_ERROR;
				GCC_WARN_UNDECLARED_SELECTOR = YES;
				GCC_WARN_UNINITIALIZED_AUTOS = YES_AGGRESSIVE;
				GCC_WARN_UNUSED_FUNCTION = YES;
				GCC_WARN_UNUSED_VARIABLE = YES;
				IPHONEOS_DEPLOYMENT_TARGET = 8.1;
				MTL_ENABLE_DEBUG_INFO = NO;
				SDKROOT = iphoneos;
				TARGETED_DEVICE_FAMILY = "1,2";
				VALIDATE_PRODUCT = YES;
			};
			name = Release;
		};
		22F262651AAB6ED500936042 /* Debug */ = {
			isa = XCBuildConfiguration;
			buildSettings = {
				INFOPLIST_FILE = CalcGame/Info.plist;
				LD_RUNPATH_SEARCH_PATHS = "$(inherited) @executable_path/Frameworks";
				PRODUCT_NAME = "$(TARGET_NAME)";
			};
			name = Debug;
		};
		22F262661AAB6ED500936042 /* Release */ = {
			isa = XCBuildConfiguration;
			buildSettings = {
				INFOPLIST_FILE = CalcGame/Info.plist;
				LD_RUNPATH_SEARCH_PATHS = "$(inherited) @executable_path/Frameworks";
				PRODUCT_NAME = "$(TARGET_NAME)";
			};
			name = Release;
		};
		22F262681AAB6ED500936042 /* Debug */ = {
			isa = XCBuildConfiguration;
			buildSettings = {
				BUNDLE_LOADER = "$(TEST_HOST)";
				FRAMEWORK_SEARCH_PATHS = (
					"$(SDKROOT)/Developer/Library/Frameworks",
					"$(inherited)",
				);
				GCC_PREPROCESSOR_DEFINITIONS = (
					"DEBUG=1",
					"$(inherited)",
				);
				INFOPLIST_FILE = CalcGameTests/Info.plist;
				LD_RUNPATH_SEARCH_PATHS = "$(inherited) @executable_path/Frameworks @loader_path/Frameworks";
				PRODUCT_NAME = "$(TARGET_NAME)";
				TEST_HOST = "$(BUILT_PRODUCTS_DIR)/CalcGame.app/CalcGame";
			};
			name = Debug;
		};
		22F262691AAB6ED500936042 /* Release */ = {
			isa = XCBuildConfiguration;
			buildSettings = {
				BUNDLE_LOADER = "$(TEST_HOST)";
				FRAMEWORK_SEARCH_PATHS = (
					"$(SDKROOT)/Developer/Library/Frameworks",
					"$(inherited)",
				);
				INFOPLIST_FILE = CalcGameTests/Info.plist;
				LD_RUNPATH_SEARCH_PATHS = "$(inherited) @executable_path/Frameworks @loader_path/Frameworks";
				PRODUCT_NAME = "$(TARGET_NAME)";
				TEST_HOST = "$(BUILT_PRODUCTS_DIR)/CalcGame.app/CalcGame";
			};
			name = Release;
		};
/* End XCBuildConfiguration section */

/* Begin XCConfigurationList section */
		22F2623C1AAB6ED500936042 /* Build configuration list for PBXProject "CalcGame" */ = {
			isa = XCConfigurationList;
			buildConfigurations = (
				22F262621AAB6ED500936042 /* Debug */,
				22F262631AAB6ED500936042 /* Release */,
			);
			defaultConfigurationIsVisible = 0;
			defaultConfigurationName = Release;
		};
		22F262641AAB6ED500936042 /* Build configuration list for PBXNativeTarget "CalcGame" */ = {
			isa = XCConfigurationList;
			buildConfigurations = (
				22F262651AAB6ED500936042 /* Debug */,
				22F262661AAB6ED500936042 /* Release */,
			);
			defaultConfigurationIsVisible = 0;
			defaultConfigurationName = Release;
		};
		22F262671AAB6ED500936042 /* Build configuration list for PBXNativeTarget "CalcGameTests" */ = {
			isa = XCConfigurationList;
			buildConfigurations = (
				22F262681AAB6ED500936042 /* Debug */,
				22F262691AAB6ED500936042 /* Release */,
			);
			defaultConfigurationIsVisible = 0;
			defaultConfigurationName = Release;
		};
/* End XCConfigurationList section */
	};
	rootObject = 22F262391AAB6ED500936042 /* Project object */;
}
